
Microsoft Visual Studio Solution File, Format Version 12.00
# Visual Studio Version 17
VisualStudioVersion = 17.14.36327.8
MinimumVisualStudioVersion = 10.0.40219.1
Project("{2150E333-8FDC-42A3-9474-1A3956D46DE8}") = "src", "src", "{02EA681E-C7D8-13C7-8484-4AC65E1B71E8}"
EndProject
Project("{2150E333-8FDC-42A3-9474-1A3956D46DE8}") = "tests", "tests", "{36CF66F9-8C5D-419D-89B2-846858067704}"
EndProject
Project("{FAE04EC0-301F-11D3-BF4B-00C04F79EFBC}") = "ActiveCampaign.NET", "src\ActiveCampaign.NET\ActiveCampaign.NET.csproj", "{AFAAB673-552C-B070-FE8B-C6D8038872D9}"
EndProject
Project("{2150E333-8FDC-42A3-9474-1A3956D46DE8}") = "Solution Items", "Solution Items", "{8EC462FD-D22E-90A8-E5CE-7E832BA40C5D}"
	ProjectSection(SolutionItems) = preProject
		.gitignore = .gitignore
		NuGet.config = NuGet.config
	EndProjectSection
EndProject
Global
	GlobalSection(SolutionConfigurationPlatforms) = preSolution
		Debug|Any CPU = Debug|Any CPU
		Release|Any CPU = Release|Any CPU
	EndGlobalSection
	GlobalSection(ProjectConfigurationPlatforms) = postSolution
		{AFAAB673-552C-B070-FE8B-C6D8038872D9}.Debug|Any CPU.ActiveCfg = Debug|Any CPU
		{AFAAB673-552C-B070-FE8B-C6D8038872D9}.Debug|Any CPU.Build.0 = Debug|Any CPU
		{AFAAB673-552C-B070-FE8B-C6D8038872D9}.Release|Any CPU.ActiveCfg = Release|Any CPU
		{AFAAB673-552C-B070-FE8B-C6D8038872D9}.Release|Any CPU.Build.0 = Release|Any CPU
	EndGlobalSection
	GlobalSection(SolutionProperties) = preSolution
		HideSolutionNode = FALSE
	EndGlobalSection
	GlobalSection(NestedProjects) = preSolution
		{AFAAB673-552C-B070-FE8B-C6D8038872D9} = {02EA681E-C7D8-13C7-8484-4AC65E1B71E8}
	EndGlobalSection
	GlobalSection(ExtensibilityGlobals) = postSolution
		SolutionGuid = {330CA715-9FB3-42AF-8CEB-2104F7EC6C20}
	EndGlobalSection
EndGlobal
